
Microsoft Visual Studio Solution File, Format Version 12.00
# Visual Studio 15
Project("{FAE04EC0-301F-11D3-BF4B-00C04F79EFBC}") = "AHCB_July22_Lecture", "AHCB_July22_Lecture\AHCB_July22_Lecture.csproj", "{389A6150-8A26-424C-8738-2AA62D26BF66}"
EndProject
Global
	GlobalSection(SolutionConfigurationPlatforms) = preSolution
		Debug|Any CPU = Debug|Any CPU
		Release|Any CPU = Release|Any CPU
	EndGlobalSection
	GlobalSection(ProjectConfigurationPlatforms) = postSolution
		{389A6150-8A26-424C-8738-2AA62D26BF66}.Debug|Any CPU.ActiveCfg = Debug|Any CPU
		{389A6150-8A26-424C-8738-2AA62D26BF66}.Debug|Any CPU.Build.0 = Debug|Any CPU
		{389A6150-8A26-424C-8738-2AA62D26BF66}.Release|Any CPU.ActiveCfg = Release|Any CPU
		{389A6150-8A26-424C-8738-2AA62D26BF66}.Release|Any CPU.Build.0 = Release|Any CPU
	EndGlobalSection
EndGlobal
